{
    "_readme": [
        "This file locks the dependencies of your project to a known state",
        "Read more about it at https://getcomposer.org/doc/01-basic-usage.md#composer-lock-the-lock-file",
        "This file is @generated automatically"
    ],
    "hash": "e4db056eb7d0208ca48a43b687e342fd",
    "content-hash": "3f91921f5b518ca8a99e9672f0559157",
    "packages": [
        {
            "name": "nathanmac/parser",
            "version": "v3.11",
            "source": {
                "type": "git",
                "url": "https://github.com/nathanmac/Parser.git",
                "reference": "776ba4a2d23c0e7a12754c320bfcf52051652397"
            },
            "dist": {
                "type": "zip",
                "url": "https://api.github.com/repos/nathanmac/Parser/zipball/776ba4a2d23c0e7a12754c320bfcf52051652397",
                "reference": "776ba4a2d23c0e7a12754c320bfcf52051652397",
                "shasum": ""
            },
            "require": {
                "php": ">=5.3.0",
                "symfony/yaml": "~2.0|~3.0"
            },
            "require-dev": {
                "illuminate/support": "~5.0",
                "mockery/mockery": "0.9.3",
                "phpunit/phpunit": "4.*",
                "scrutinizer/ocular": "^1.1"
            },
            "type": "library",
            "extra": {
                "branch-alias": {
                    "dev-master": "3.x-dev"
                }
            },
            "autoload": {
                "psr-4": {
                    "Nathanmac\\Utilities\\Parser\\": "src/"
                }
            },
            "notification-url": "https://packagist.org/downloads/",
            "license": [
                "MIT"
            ],
            "authors": [
                {
                    "name": "Nathan Macnamara",
                    "email": "hola@nathanmac.com"
                }
            ],
            "description": "Simple PHP Parser Utility Library for API Development",
            "homepage": "https://github.com/nathanmac/Parser",
            "keywords": [
                "api",
                "json",
                "parser",
                "xml"
            ],
            "time": "2016-02-06 15:34:37"
        },
        {
            "name": "rmccue/requests",
            "version": "v1.6.1",
            "source": {
                "type": "git",
                "url": "https://github.com/rmccue/Requests.git",
                "reference": "6aac485666c2955077d77b796bbdd25f0013a4ea"
            },
            "dist": {
                "type": "zip",
                "url": "https://api.github.com/repos/rmccue/Requests/zipball/6aac485666c2955077d77b796bbdd25f0013a4ea",
                "reference": "6aac485666c2955077d77b796bbdd25f0013a4ea",
                "shasum": ""
            },
            "require": {
                "php": ">=5.2"
            },
            "require-dev": {
                "satooshi/php-coveralls": "dev-master"
            },
            "type": "library",
            "autoload": {
                "psr-0": {
                    "Requests": "library/"
                }
            },
            "notification-url": "https://packagist.org/downloads/",
            "license": [
                "ISC"
            ],
            "authors": [
                {
                    "name": "Ryan McCue",
                    "homepage": "http://ryanmccue.info"
                }
            ],
            "description": "A HTTP library written in PHP, for human beings.",
            "homepage": "http://github.com/rmccue/Requests",
            "keywords": [
                "curl",
                "fsockopen",
                "http",
                "idna",
                "ipv6",
                "iri",
                "sockets"
            ],
            "time": "2014-05-18 04:59:02"
        },
        {
            "name": "symfony/yaml",
            "version": "v3.1.2",
            "source": {
                "type": "git",
                "url": "https://github.com/symfony/yaml.git",
                "reference": "2884c26ce4c1d61aebf423a8b912950fe7c764de"
            },
            "dist": {
                "type": "zip",
                "url": "https://api.github.com/repos/symfony/yaml/zipball/2884c26ce4c1d61aebf423a8b912950fe7c764de",
                "reference": "2884c26ce4c1d61aebf423a8b912950fe7c764de",
                "shasum": ""
            },
            "require": {
                "php": ">=5.5.9"
            },
            "type": "library",
            "extra": {
                "branch-alias": {
                    "dev-master": "3.1-dev"
                }
            },
            "autoload": {
                "psr-4": {
                    "Symfony\\Component\\Yaml\\": ""
                },
                "exclude-from-classmap": [
                    "/Tests/"
                ]
            },
            "notification-url": "https://packagist.org/downloads/",
            "license": [
                "MIT"
            ],
            "authors": [
                {
                    "name": "Fabien Potencier",
                    "email": "fabien@symfony.com"
                },
                {
                    "name": "Symfony Community",
                    "homepage": "https://symfony.com/contributors"
                }
            ],
            "description": "Symfony Yaml Component",
            "homepage": "https://symfony.com",
            "time": "2016-06-29 05:41:56"
        },
        {
            "name": "twig/twig",
            "version": "v1.24.1",
            "source": {
                "type": "git",
                "url": "https://github.com/twigphp/Twig.git",
                "reference": "3566d311a92aae4deec6e48682dc5a4528c4a512"
            },
            "dist": {
                "type": "zip",
                "url": "https://api.github.com/repos/twigphp/Twig/zipball/3566d311a92aae4deec6e48682dc5a4528c4a512",
                "reference": "3566d311a92aae4deec6e48682dc5a4528c4a512",
                "shasum": ""
            },
            "require": {
                "php": ">=5.2.7"
            },
            "require-dev": {
                "symfony/debug": "~2.7",
                "symfony/phpunit-bridge": "~2.7"
            },
            "type": "library",
            "extra": {
                "branch-alias": {
                    "dev-master": "1.24-dev"
                }
            },
            "autoload": {
                "psr-0": {
                    "Twig_": "lib/"
                }
            },
            "notification-url": "https://packagist.org/downloads/",
            "license": [
                "BSD-3-Clause"
            ],
            "authors": [
                {
                    "name": "Fabien Potencier",
                    "email": "fabien@symfony.com",
                    "homepage": "http://fabien.potencier.org",
                    "role": "Lead Developer"
                },
                {
                    "name": "Armin Ronacher",
                    "email": "armin.ronacher@active-4.com",
                    "role": "Project Founder"
                },
                {
                    "name": "Twig Team",
                    "homepage": "http://twig.sensiolabs.org/contributors",
                    "role": "Contributors"
                }
            ],
            "description": "Twig, the flexible, fast, and secure template language for PHP",
            "homepage": "http://twig.sensiolabs.org",
            "keywords": [
                "templating"
            ],
            "time": "2016-05-30 09:11:59"
        },
        {
            "name": "tyurderi/console",
            "version": "2.1",
            "source": {
                "type": "git",
                "url": "https://github.com/tyurderi/console.git",
                "reference": "e3bdb6ad3a5507704d9cd6d38f015ae6042c4f14"
            },
            "dist": {
                "type": "zip",
                "url": "https://api.github.com/repos/tyurderi/console/zipball/e3bdb6ad3a5507704d9cd6d38f015ae6042c4f14",
                "reference": "e3bdb6ad3a5507704d9cd6d38f015ae6042c4f14",
                "shasum": ""
            },
            "type": "library",
            "autoload": {
                "psr-4": {
                    "TM\\Console\\": "src/"
                },
                "files": [
                    "src/Console.function.php"
                ]
            },
            "notification-url": "https://packagist.org/downloads/",
            "license": [
                "MIT"
            ],
            "authors": [
                {
                    "name": "tyurderi",
                    "email": "tyurderi@yahoo.de"
                }
            ],
            "time": "2016-04-20 07:29:36"
        }
    ],
    "packages-dev": [],
    "aliases": [],
    "minimum-stability": "stable",
    "stability-flags": [],
    "prefer-stable": false,
    "prefer-lowest": false,
    "platform": [],
    "platform-dev": []
}
